
Microsoft Visual Studio Solution File, Format Version 12.00
# Visual Studio Version 17
VisualStudioVersion = 17.2.32616.157
MinimumVisualStudioVersion = 10.0.40219.1
Project("{9A19103F-16F7-4668-BE54-9A1E7A4F7556}") = "Business", "Business\Business.csproj", "{33D2B9FC-51A4-4677-AEE0-C423079F400D}"
EndProject
Project("{9A19103F-16F7-4668-BE54-9A1E7A4F7556}") = "DataAccess", "DataAccess\DataAccess.csproj", "{BECFB601-FFBB-40BD-8CFC-15714AF982C6}"
EndProject
Project("{9A19103F-16F7-4668-BE54-9A1E7A4F7556}") = "Entities", "Entities\Entities.csproj", "{24AC66B0-1CC5-41B9-BBE7-244C47185097}"
EndProject
Project("{9A19103F-16F7-4668-BE54-9A1E7A4F7556}") = "ConsoleUI", "ConsoleUI\ConsoleUI.csproj", "{96D75537-F36B-4B66-965F-B526CBAA6D31}"
EndProject
Project("{9A19103F-16F7-4668-BE54-9A1E7A4F7556}") = "Core", "Core\Core.csproj", "{22DCA54C-0CF6-4AF4-8398-C8B770D557F9}"
EndProject
Project("{FAE04EC0-301F-11D3-BF4B-00C04F79EFBC}") = "WebAPI", "WebAPI\WebAPI.csproj", "{1F764E92-E813-4B67-90B5-ECCA71CFC522}"
EndProject
Global
	GlobalSection(SolutionConfigurationPlatforms) = preSolution
		Debug|Any CPU = Debug|Any CPU
		Release|Any CPU = Release|Any CPU
	EndGlobalSection
	GlobalSection(ProjectConfigurationPlatforms) = postSolution
		{33D2B9FC-51A4-4677-AEE0-C423079F400D}.Debug|Any CPU.ActiveCfg = Debug|Any CPU
		{33D2B9FC-51A4-4677-AEE0-C423079F400D}.Debug|Any CPU.Build.0 = Debug|Any CPU
		{33D2B9FC-51A4-4677-AEE0-C423079F400D}.Release|Any CPU.ActiveCfg = Release|Any CPU
		{33D2B9FC-51A4-4677-AEE0-C423079F400D}.Release|Any CPU.Build.0 = Release|Any CPU
		{BECFB601-FFBB-40BD-8CFC-15714AF982C6}.Debug|Any CPU.ActiveCfg = Debug|Any CPU
		{BECFB601-FFBB-40BD-8CFC-15714AF982C6}.Debug|Any CPU.Build.0 = Debug|Any CPU
		{BECFB601-FFBB-40BD-8CFC-15714AF982C6}.Release|Any CPU.ActiveCfg = Release|Any CPU
		{BECFB601-FFBB-40BD-8CFC-15714AF982C6}.Release|Any CPU.Build.0 = Release|Any CPU
		{24AC66B0-1CC5-41B9-BBE7-244C47185097}.Debug|Any CPU.ActiveCfg = Debug|Any CPU
		{24AC66B0-1CC5-41B9-BBE7-244C47185097}.Debug|Any CPU.Build.0 = Debug|Any CPU
		{24AC66B0-1CC5-41B9-BBE7-244C47185097}.Release|Any CPU.ActiveCfg = Release|Any CPU
		{24AC66B0-1CC5-41B9-BBE7-244C47185097}.Release|Any CPU.Build.0 = Release|Any CPU
		{96D75537-F36B-4B66-965F-B526CBAA6D31}.Debug|Any CPU.ActiveCfg = Debug|Any CPU
		{96D75537-F36B-4B66-965F-B526CBAA6D31}.Debug|Any CPU.Build.0 = Debug|Any CPU
		{96D75537-F36B-4B66-965F-B526CBAA6D31}.Release|Any CPU.ActiveCfg = Release|Any CPU
		{96D75537-F36B-4B66-965F-B526CBAA6D31}.Release|Any CPU.Build.0 = Release|Any CPU
		{22DCA54C-0CF6-4AF4-8398-C8B770D557F9}.Debug|Any CPU.ActiveCfg = Debug|Any CPU
		{22DCA54C-0CF6-4AF4-8398-C8B770D557F9}.Debug|Any CPU.Build.0 = Debug|Any CPU
		{22DCA54C-0CF6-4AF4-8398-C8B770D557F9}.Release|Any CPU.ActiveCfg = Release|Any CPU
		{22DCA54C-0CF6-4AF4-8398-C8B770D557F9}.Release|Any CPU.Build.0 = Release|Any CPU
		{1F764E92-E813-4B67-90B5-ECCA71CFC522}.Debug|Any CPU.ActiveCfg = Debug|Any CPU
		{1F764E92-E813-4B67-90B5-ECCA71CFC522}.Debug|Any CPU.Build.0 = Debug|Any CPU
		{1F764E92-E813-4B67-90B5-ECCA71CFC522}.Release|Any CPU.ActiveCfg = Release|Any CPU
		{1F764E92-E813-4B67-90B5-ECCA71CFC522}.Release|Any CPU.Build.0 = Release|Any CPU
	EndGlobalSection
	GlobalSection(SolutionProperties) = preSolution
		HideSolutionNode = FALSE
	EndGlobalSection
	GlobalSection(ExtensibilityGlobals) = postSolution
		SolutionGuid = {3CAE1019-FD37-424F-A55D-39712F970753}
	EndGlobalSection
EndGlobal
